# This file is autogenerated, do not edit; changes may be undone by the next 'dep ensure'.


[[projects]]
  branch = "master"
  name = "engo.io/ecs"
  packages = ["."]
  revision = "e23dfcb0eb6c6150b9c13a3d95fd89610ee36505"

[[projects]]
  branch = "master"
  name = "engo.io/engo"
  packages = [".","common","math"]
  revision = "946047db07ba36f6916b8ee93569712d01d36524"

[[projects]]
  branch = "master"
  name = "engo.io/gl"
  packages = ["."]
  revision = "8be1f8e4ba4b3212f47a87bc626263c690514f07"

[[projects]]
  branch = "master"
  name = "github.com/engoengine/math"
  packages = ["."]
  revision = "afa637dd62b55bcb27f65fe1325d81bd79b32574"

[[projects]]
  branch = "master"
  name = "github.com/go-gl/gl"
  packages = ["v2.1/gl"]
  revision = "ac0d3d2af0fe995e2bb09fa6619b716b0c0fc0fa"

[[projects]]
  branch = "master"
  name = "github.com/go-gl/glfw"
  packages = ["v3.1/glfw"]
  revision = "513e4f2bf85c31fba0fc4907abd7895242ccbe50"

[[projects]]
  branch = "master"
  name = "github.com/go-gl/mathgl"
  packages = ["mgl32"]
  revision = "4c3fc6b4bf30179013667e5d0b926e024d9a13c1"

[[projects]]
  branch = "master"
  name = "github.com/golang/freetype"
  packages = [".","raster","truetype"]
  revision = "e2365dfdc4a05e4b8299a783240d4a7d5a65d4e4"

[[projects]]
  branch = "master"
  name = "github.com/gopherjs/gopherjs"
  packages = ["js"]
  revision = "444abdf920945de5d4a977b572bcc6c674d1e4eb"

[[projects]]
  branch = "master"
  name = "golang.org/x/exp"
  packages = ["shiny/driver/gldriver","shiny/driver/internal/drawer","shiny/driver/internal/errscreen","shiny/driver/internal/event","shiny/driver/internal/lifecycler","shiny/driver/internal/win32","shiny/driver/internal/x11key","shiny/screen"]
  revision = "6e195c1fee8bc55fa0e208cf08a468b39be428e0"

[[projects]]
  branch = "master"
  name = "golang.org/x/image"
  packages = ["font","math/f32","math/f64","math/fixed"]
  revision = "f7e31b4ea2e3413ab91b4e7d2dc83e5f8d19a44c"

[[projects]]
  branch = "master"
  name = "golang.org/x/mobile"
  packages = ["app","app/internal/callfn","asset","event/key","event/lifecycle","event/mouse","event/paint","event/size","event/touch","exp/app/debug","exp/audio/al","exp/f32","exp/gl/glutil","geom","gl","internal/mobileinit"]
  revision = "37cf9e7ab89167ef7666d0160cf4c2debff0b8a3"

[[projects]]
  branch = "master"
  name = "golang.org/x/sys"
  packages = ["windows"]
  revision = "82aafbf43bf885069dc71b7e7c2f9d7a614d47da"

[[projects]]
  branch = "master"
  name = "honnef.co/go/js/dom"
  packages = ["."]
  revision = "790c7894c96d07ad1d2081aca7091a894de79a46"

[[projects]]
  branch = "master"
  name = "honnef.co/go/js/util"
  packages = ["."]
  revision = "96b8dd9d16214b6cd9d8c8e84b3a375da4688108"

[[projects]]
  branch = "master"
  name = "honnef.co/go/js/xhr"
  packages = ["."]
  revision = "00e3346113aed89b501ead4e863c7c3d04fa0c5b"

[solve-meta]
  analyzer-name = "dep"
  analyzer-version = 1
  inputs-digest = "3369e45be114f4fe7547eecc5c4719847f156ae94ca9ffbae46274fed74fceda"
  solver-name = "gps-cdcl"
  solver-version = 1
